
Microsoft Visual Studio Solution File, Format Version 12.00
Project("{FAE04EC0-301F-11D3-BF4B-00C04F79EFBC}") = "NoLightForBaby575", "NoLightForBaby575\NoLightForBaby575.csproj", "{1DEB9259-4842-4574-B8C8-A56D8BA84AAD}"
EndProject
Global
	GlobalSection(SolutionConfigurationPlatforms) = preSolution
		Debug|Any CPU = Debug|Any CPU
		Release|Any CPU = Release|Any CPU
	EndGlobalSection
	GlobalSection(ProjectConfigurationPlatforms) = postSolution
		{1DEB9259-4842-4574-B8C8-A56D8BA84AAD}.Release|Any CPU.ActiveCfg = Release|Any CPU
		{1DEB9259-4842-4574-B8C8-A56D8BA84AAD}.Release|Any CPU.Build.0 = Release|Any CPU
		{1DEB9259-4842-4574-B8C8-A56D8BA84AAD}.Debug|Any CPU.ActiveCfg = Release|Any CPU
		{1DEB9259-4842-4574-B8C8-A56D8BA84AAD}.Debug|Any CPU.Build.0 = Release|Any CPU
	EndGlobalSection
EndGlobal
